
Microsoft Visual Studio Solution File, Format Version 12.00
# Visual Studio Version 17
VisualStudioVersion = 17.0.31903.59
MinimumVisualStudioVersion = 10.0.40219.1
Project("{2150E333-8FDC-42A3-9474-1A3956D46DE8}") = "homework 1", "homework 1", "{2D1A5BEF-90CC-4699-8A90-B48002282DD1}"
EndProject
Project("{FAE04EC0-301F-11D3-BF4B-00C04F79EFBC}") = "ReaderWriterLock", "homework 1\ReaderWriterLock\ReaderWriterLock.csproj", "{A1594D96-2DC9-4A08-904F-11DF8DFD80EB}"
EndProject
Project("{2150E333-8FDC-42A3-9474-1A3956D46DE8}") = "homework 2", "homework 2", "{148A574C-D39B-4A65-B250-43AC32E69DB7}"
EndProject
Project("{FAE04EC0-301F-11D3-BF4B-00C04F79EFBC}") = "ClusterClient", "homework 2\ClusterClient\ClusterClient.csproj", "{7F6FE067-1A77-400B-AA10-512B5CAA6B01}"
EndProject
Project("{FAE04EC0-301F-11D3-BF4B-00C04F79EFBC}") = "ClusterServer", "homework 2\ClusterServer\ClusterServer.csproj", "{3693F05C-79B8-44D1-BC43-AC74AD1748F8}"
EndProject
Project("{FAE04EC0-301F-11D3-BF4B-00C04F79EFBC}") = "ClusterTests", "homework 2\ClusterTests\ClusterTests.csproj", "{6E0CB825-CC59-4BE8-A6D5-EC301F0DF620}"
EndProject
Project("{2150E333-8FDC-42A3-9474-1A3956D46DE8}") = "samples", "samples", "{0F05EB7B-E978-4C1C-BA39-387E40A1785E}"
EndProject
Project("{FAE04EC0-301F-11D3-BF4B-00C04F79EFBC}") = "AsyncSamples", "samples\AsyncSamples\AsyncSamples.csproj", "{ECA8B718-D694-4C45-B0E7-B116FAFDA78D}"
EndProject
Project("{FAE04EC0-301F-11D3-BF4B-00C04F79EFBC}") = "DataParallelism", "samples\DataParallelism\DataParallelism.csproj", "{71BE7406-0D3D-4CD7-9944-2A575D9DC2B4}"
EndProject
Project("{FAE04EC0-301F-11D3-BF4B-00C04F79EFBC}") = "EchoServer", "samples\EchoServer\EchoServer.csproj", "{94A5732C-B242-4973-9CD4-4BCF764099F9}"
EndProject
Project("{FAE04EC0-301F-11D3-BF4B-00C04F79EFBC}") = "HackChat", "samples\HackChat\HackChat.csproj", "{488084D1-61AB-43ED-94EA-2D68BC7705B9}"
EndProject
Project("{FAE04EC0-301F-11D3-BF4B-00C04F79EFBC}") = "LockFree", "samples\LockFree\LockFree.csproj", "{E032B718-E366-4398-A098-584FBB4F289E}"
EndProject
Project("{FAE04EC0-301F-11D3-BF4B-00C04F79EFBC}") = "NMAP", "samples\NMAP\NMAP.csproj", "{EA5E18A3-8AA0-4D56-8BDA-3452048FF2E6}"
EndProject
Project("{FAE04EC0-301F-11D3-BF4B-00C04F79EFBC}") = "QuantumOfSwitching", "samples\QuantumOfSwitching\QuantumOfSwitching.csproj", "{2EA6B696-389E-41C7-AF87-443496F71563}"
EndProject
Project("{FAE04EC0-301F-11D3-BF4B-00C04F79EFBC}") = "Recap", "samples\Recap\Recap.csproj", "{154D329C-5785-4C68-BC66-98DE0F6CC481}"
EndProject
Project("{FAE04EC0-301F-11D3-BF4B-00C04F79EFBC}") = "ThreadPool", "samples\ThreadPool\ThreadPool.csproj", "{9F100A9B-711E-4D83-9183-2D7F5967CE5A}"
EndProject
Project("{FAE04EC0-301F-11D3-BF4B-00C04F79EFBC}") = "TPLSamples", "samples\TPLSamples\TPLSamples.csproj", "{E7D86337-5DB2-42BA-9E32-ADBDC3C47BF2}"
EndProject
Project("{FAE04EC0-301F-11D3-BF4B-00C04F79EFBC}") = "ThreadPoolTinyTasksDemo", "samples\ThreadPoolTinyTasksDemo\ThreadPoolTinyTasksDemo.csproj", "{618B6674-8FCE-40F4-86EB-4AA88F8A2340}"
EndProject
Project("{FAE04EC0-301F-11D3-BF4B-00C04F79EFBC}") = "ClusterHistory", "ClusterHistory\ClusterHistory.csproj", "{D54571D8-100A-4A32-A5F5-6B4D737EA29E}"
EndProject
Global
	GlobalSection(SolutionConfigurationPlatforms) = preSolution
		Debug|Any CPU = Debug|Any CPU
		Release|Any CPU = Release|Any CPU
	EndGlobalSection
	GlobalSection(SolutionProperties) = preSolution
		HideSolutionNode = FALSE
	EndGlobalSection
	GlobalSection(ProjectConfigurationPlatforms) = postSolution
		{A1594D96-2DC9-4A08-904F-11DF8DFD80EB}.Debug|Any CPU.ActiveCfg = Debug|Any CPU
		{A1594D96-2DC9-4A08-904F-11DF8DFD80EB}.Debug|Any CPU.Build.0 = Debug|Any CPU
		{A1594D96-2DC9-4A08-904F-11DF8DFD80EB}.Release|Any CPU.ActiveCfg = Release|Any CPU
		{A1594D96-2DC9-4A08-904F-11DF8DFD80EB}.Release|Any CPU.Build.0 = Release|Any CPU
		{7F6FE067-1A77-400B-AA10-512B5CAA6B01}.Debug|Any CPU.ActiveCfg = Debug|Any CPU
		{7F6FE067-1A77-400B-AA10-512B5CAA6B01}.Debug|Any CPU.Build.0 = Debug|Any CPU
		{7F6FE067-1A77-400B-AA10-512B5CAA6B01}.Release|Any CPU.ActiveCfg = Release|Any CPU
		{7F6FE067-1A77-400B-AA10-512B5CAA6B01}.Release|Any CPU.Build.0 = Release|Any CPU
		{3693F05C-79B8-44D1-BC43-AC74AD1748F8}.Debug|Any CPU.ActiveCfg = Debug|Any CPU
		{3693F05C-79B8-44D1-BC43-AC74AD1748F8}.Debug|Any CPU.Build.0 = Debug|Any CPU
		{3693F05C-79B8-44D1-BC43-AC74AD1748F8}.Release|Any CPU.ActiveCfg = Release|Any CPU
		{3693F05C-79B8-44D1-BC43-AC74AD1748F8}.Release|Any CPU.Build.0 = Release|Any CPU
		{6E0CB825-CC59-4BE8-A6D5-EC301F0DF620}.Debug|Any CPU.ActiveCfg = Debug|Any CPU
		{6E0CB825-CC59-4BE8-A6D5-EC301F0DF620}.Debug|Any CPU.Build.0 = Debug|Any CPU
		{6E0CB825-CC59-4BE8-A6D5-EC301F0DF620}.Release|Any CPU.ActiveCfg = Release|Any CPU
		{6E0CB825-CC59-4BE8-A6D5-EC301F0DF620}.Release|Any CPU.Build.0 = Release|Any CPU
		{ECA8B718-D694-4C45-B0E7-B116FAFDA78D}.Debug|Any CPU.ActiveCfg = Debug|Any CPU
		{ECA8B718-D694-4C45-B0E7-B116FAFDA78D}.Debug|Any CPU.Build.0 = Debug|Any CPU
		{ECA8B718-D694-4C45-B0E7-B116FAFDA78D}.Release|Any CPU.ActiveCfg = Release|Any CPU
		{ECA8B718-D694-4C45-B0E7-B116FAFDA78D}.Release|Any CPU.Build.0 = Release|Any CPU
		{71BE7406-0D3D-4CD7-9944-2A575D9DC2B4}.Debug|Any CPU.ActiveCfg = Debug|Any CPU
		{71BE7406-0D3D-4CD7-9944-2A575D9DC2B4}.Debug|Any CPU.Build.0 = Debug|Any CPU
		{71BE7406-0D3D-4CD7-9944-2A575D9DC2B4}.Release|Any CPU.ActiveCfg = Release|Any CPU
		{71BE7406-0D3D-4CD7-9944-2A575D9DC2B4}.Release|Any CPU.Build.0 = Release|Any CPU
		{94A5732C-B242-4973-9CD4-4BCF764099F9}.Debug|Any CPU.ActiveCfg = Debug|Any CPU
		{94A5732C-B242-4973-9CD4-4BCF764099F9}.Debug|Any CPU.Build.0 = Debug|Any CPU
		{94A5732C-B242-4973-9CD4-4BCF764099F9}.Release|Any CPU.ActiveCfg = Release|Any CPU
		{94A5732C-B242-4973-9CD4-4BCF764099F9}.Release|Any CPU.Build.0 = Release|Any CPU
		{488084D1-61AB-43ED-94EA-2D68BC7705B9}.Debug|Any CPU.ActiveCfg = Debug|Any CPU
		{488084D1-61AB-43ED-94EA-2D68BC7705B9}.Debug|Any CPU.Build.0 = Debug|Any CPU
		{488084D1-61AB-43ED-94EA-2D68BC7705B9}.Release|Any CPU.ActiveCfg = Release|Any CPU
		{488084D1-61AB-43ED-94EA-2D68BC7705B9}.Release|Any CPU.Build.0 = Release|Any CPU
		{E032B718-E366-4398-A098-584FBB4F289E}.Debug|Any CPU.ActiveCfg = Debug|Any CPU
		{E032B718-E366-4398-A098-584FBB4F289E}.Debug|Any CPU.Build.0 = Debug|Any CPU
		{E032B718-E366-4398-A098-584FBB4F289E}.Release|Any CPU.ActiveCfg = Release|Any CPU
		{E032B718-E366-4398-A098-584FBB4F289E}.Release|Any CPU.Build.0 = Release|Any CPU
		{EA5E18A3-8AA0-4D56-8BDA-3452048FF2E6}.Debug|Any CPU.ActiveCfg = Debug|Any CPU
		{EA5E18A3-8AA0-4D56-8BDA-3452048FF2E6}.Debug|Any CPU.Build.0 = Debug|Any CPU
		{EA5E18A3-8AA0-4D56-8BDA-3452048FF2E6}.Release|Any CPU.ActiveCfg = Release|Any CPU
		{EA5E18A3-8AA0-4D56-8BDA-3452048FF2E6}.Release|Any CPU.Build.0 = Release|Any CPU
		{2EA6B696-389E-41C7-AF87-443496F71563}.Debug|Any CPU.ActiveCfg = Debug|Any CPU
		{2EA6B696-389E-41C7-AF87-443496F71563}.Debug|Any CPU.Build.0 = Debug|Any CPU
		{2EA6B696-389E-41C7-AF87-443496F71563}.Release|Any CPU.ActiveCfg = Release|Any CPU
		{2EA6B696-389E-41C7-AF87-443496F71563}.Release|Any CPU.Build.0 = Release|Any CPU
		{154D329C-5785-4C68-BC66-98DE0F6CC481}.Debug|Any CPU.ActiveCfg = Debug|Any CPU
		{154D329C-5785-4C68-BC66-98DE0F6CC481}.Debug|Any CPU.Build.0 = Debug|Any CPU
		{154D329C-5785-4C68-BC66-98DE0F6CC481}.Release|Any CPU.ActiveCfg = Release|Any CPU
		{154D329C-5785-4C68-BC66-98DE0F6CC481}.Release|Any CPU.Build.0 = Release|Any CPU
		{9F100A9B-711E-4D83-9183-2D7F5967CE5A}.Debug|Any CPU.ActiveCfg = Debug|Any CPU
		{9F100A9B-711E-4D83-9183-2D7F5967CE5A}.Debug|Any CPU.Build.0 = Debug|Any CPU
		{9F100A9B-711E-4D83-9183-2D7F5967CE5A}.Release|Any CPU.ActiveCfg = Release|Any CPU
		{9F100A9B-711E-4D83-9183-2D7F5967CE5A}.Release|Any CPU.Build.0 = Release|Any CPU
		{E7D86337-5DB2-42BA-9E32-ADBDC3C47BF2}.Debug|Any CPU.ActiveCfg = Debug|Any CPU
		{E7D86337-5DB2-42BA-9E32-ADBDC3C47BF2}.Debug|Any CPU.Build.0 = Debug|Any CPU
		{E7D86337-5DB2-42BA-9E32-ADBDC3C47BF2}.Release|Any CPU.ActiveCfg = Release|Any CPU
		{E7D86337-5DB2-42BA-9E32-ADBDC3C47BF2}.Release|Any CPU.Build.0 = Release|Any CPU
		{618B6674-8FCE-40F4-86EB-4AA88F8A2340}.Debug|Any CPU.ActiveCfg = Debug|Any CPU
		{618B6674-8FCE-40F4-86EB-4AA88F8A2340}.Debug|Any CPU.Build.0 = Debug|Any CPU
		{618B6674-8FCE-40F4-86EB-4AA88F8A2340}.Release|Any CPU.ActiveCfg = Release|Any CPU
		{618B6674-8FCE-40F4-86EB-4AA88F8A2340}.Release|Any CPU.Build.0 = Release|Any CPU
		{D54571D8-100A-4A32-A5F5-6B4D737EA29E}.Debug|Any CPU.ActiveCfg = Debug|Any CPU
		{D54571D8-100A-4A32-A5F5-6B4D737EA29E}.Debug|Any CPU.Build.0 = Debug|Any CPU
		{D54571D8-100A-4A32-A5F5-6B4D737EA29E}.Release|Any CPU.ActiveCfg = Release|Any CPU
		{D54571D8-100A-4A32-A5F5-6B4D737EA29E}.Release|Any CPU.Build.0 = Release|Any CPU
	EndGlobalSection
	GlobalSection(NestedProjects) = preSolution
		{A1594D96-2DC9-4A08-904F-11DF8DFD80EB} = {2D1A5BEF-90CC-4699-8A90-B48002282DD1}
		{7F6FE067-1A77-400B-AA10-512B5CAA6B01} = {148A574C-D39B-4A65-B250-43AC32E69DB7}
		{3693F05C-79B8-44D1-BC43-AC74AD1748F8} = {148A574C-D39B-4A65-B250-43AC32E69DB7}
		{6E0CB825-CC59-4BE8-A6D5-EC301F0DF620} = {148A574C-D39B-4A65-B250-43AC32E69DB7}
		{ECA8B718-D694-4C45-B0E7-B116FAFDA78D} = {0F05EB7B-E978-4C1C-BA39-387E40A1785E}
		{71BE7406-0D3D-4CD7-9944-2A575D9DC2B4} = {0F05EB7B-E978-4C1C-BA39-387E40A1785E}
		{94A5732C-B242-4973-9CD4-4BCF764099F9} = {0F05EB7B-E978-4C1C-BA39-387E40A1785E}
		{488084D1-61AB-43ED-94EA-2D68BC7705B9} = {0F05EB7B-E978-4C1C-BA39-387E40A1785E}
		{E032B718-E366-4398-A098-584FBB4F289E} = {0F05EB7B-E978-4C1C-BA39-387E40A1785E}
		{EA5E18A3-8AA0-4D56-8BDA-3452048FF2E6} = {0F05EB7B-E978-4C1C-BA39-387E40A1785E}
		{2EA6B696-389E-41C7-AF87-443496F71563} = {0F05EB7B-E978-4C1C-BA39-387E40A1785E}
		{154D329C-5785-4C68-BC66-98DE0F6CC481} = {0F05EB7B-E978-4C1C-BA39-387E40A1785E}
		{9F100A9B-711E-4D83-9183-2D7F5967CE5A} = {0F05EB7B-E978-4C1C-BA39-387E40A1785E}
		{E7D86337-5DB2-42BA-9E32-ADBDC3C47BF2} = {0F05EB7B-E978-4C1C-BA39-387E40A1785E}
		{618B6674-8FCE-40F4-86EB-4AA88F8A2340} = {0F05EB7B-E978-4C1C-BA39-387E40A1785E}
		{D54571D8-100A-4A32-A5F5-6B4D737EA29E} = {148A574C-D39B-4A65-B250-43AC32E69DB7}
	EndGlobalSection
EndGlobal
